
Microsoft Visual Studio Solution File, Format Version 12.00
# Visual Studio Version 17
VisualStudioVersion = 17.5.002.0
MinimumVisualStudioVersion = 10.0.40219.1
Project("{9A19103F-16F7-4668-BE54-9A1E7A4F7556}") = "Library", "Library\Library.csproj", "{5001A352-4C7B-4A4E-92D0-9479F0BA98C5}"
EndProject
Project("{9A19103F-16F7-4668-BE54-9A1E7A4F7556}") = "Main", "Main\Main.csproj", "{5AD516E8-F620-44FF-87B5-F3AA497E80CB}"
EndProject
Global
	GlobalSection(SolutionConfigurationPlatforms) = preSolution
		Debug|Any CPU = Debug|Any CPU
		Release|Any CPU = Release|Any CPU
	EndGlobalSection
	GlobalSection(ProjectConfigurationPlatforms) = postSolution
		{5001A352-4C7B-4A4E-92D0-9479F0BA98C5}.Debug|Any CPU.ActiveCfg = Debug|Any CPU
		{5001A352-4C7B-4A4E-92D0-9479F0BA98C5}.Debug|Any CPU.Build.0 = Debug|Any CPU
		{5001A352-4C7B-4A4E-92D0-9479F0BA98C5}.Release|Any CPU.ActiveCfg = Release|Any CPU
		{5001A352-4C7B-4A4E-92D0-9479F0BA98C5}.Release|Any CPU.Build.0 = Release|Any CPU
		{5AD516E8-F620-44FF-87B5-F3AA497E80CB}.Debug|Any CPU.ActiveCfg = Debug|Any CPU
		{5AD516E8-F620-44FF-87B5-F3AA497E80CB}.Debug|Any CPU.Build.0 = Debug|Any CPU
		{5AD516E8-F620-44FF-87B5-F3AA497E80CB}.Release|Any CPU.ActiveCfg = Release|Any CPU
		{5AD516E8-F620-44FF-87B5-F3AA497E80CB}.Release|Any CPU.Build.0 = Release|Any CPU
	EndGlobalSection
	GlobalSection(SolutionProperties) = preSolution
		HideSolutionNode = FALSE
	EndGlobalSection
	GlobalSection(ExtensibilityGlobals) = postSolution
		SolutionGuid = {AE59002E-C6D2-45DB-AD2F-F29C1D2ED68C}
	EndGlobalSection
EndGlobal
